
Microsoft Visual Studio Solution File, Format Version 12.00
# Visual Studio Version 17
VisualStudioVersion = 17.8.34330.188
MinimumVisualStudioVersion = 10.0.40219.1
Project("{9A19103F-16F7-4668-BE54-9A1E7A4F7556}") = "NPL.Spec", "NPL.Spec.csproj", "{85168E3F-8794-4BB3-9AC9-B6F4E27E35EA}"
EndProject
Global
	GlobalSection(SolutionConfigurationPlatforms) = preSolution
		Debug|Any CPU = Debug|Any CPU
		Release|Any CPU = Release|Any CPU
	EndGlobalSection
	GlobalSection(ProjectConfigurationPlatforms) = postSolution
		{85168E3F-8794-4BB3-9AC9-B6F4E27E35EA}.Debug|Any CPU.ActiveCfg = Debug|Any CPU
		{85168E3F-8794-4BB3-9AC9-B6F4E27E35EA}.Debug|Any CPU.Build.0 = Debug|Any CPU
		{85168E3F-8794-4BB3-9AC9-B6F4E27E35EA}.Release|Any CPU.ActiveCfg = Release|Any CPU
		{85168E3F-8794-4BB3-9AC9-B6F4E27E35EA}.Release|Any CPU.Build.0 = Release|Any CPU
	EndGlobalSection
	GlobalSection(SolutionProperties) = preSolution
		HideSolutionNode = FALSE
	EndGlobalSection
	GlobalSection(ExtensibilityGlobals) = postSolution
		SolutionGuid = {5851DF90-275D-44CD-A667-EAB6B6EF1693}
	EndGlobalSection
EndGlobal
